
Microsoft Visual Studio Solution File, Format Version 12.00
# Visual Studio 2012
Project("{FAE04EC0-301F-11D3-BF4B-00C04F79EFBC}") = "PhoneWordIOs", "PhoneWordIos\PhoneWordIOs.csproj", "{7EFF9F83-9DD5-4DA2-90FE-E56459989D30}"
EndProject
Global
	GlobalSection(SolutionConfigurationPlatforms) = preSolution
		Debug|iPhoneSimulator = Debug|iPhoneSimulator
		Release|iPhone = Release|iPhone
		Release|iPhoneSimulator = Release|iPhoneSimulator
		Debug|iPhone = Debug|iPhone
	EndGlobalSection
	GlobalSection(ProjectConfigurationPlatforms) = postSolution
		{7EFF9F83-9DD5-4DA2-90FE-E56459989D30}.Debug|iPhoneSimulator.ActiveCfg = Debug|iPhoneSimulator
		{7EFF9F83-9DD5-4DA2-90FE-E56459989D30}.Debug|iPhoneSimulator.Build.0 = Debug|iPhoneSimulator
		{7EFF9F83-9DD5-4DA2-90FE-E56459989D30}.Release|iPhone.ActiveCfg = Release|iPhone
		{7EFF9F83-9DD5-4DA2-90FE-E56459989D30}.Release|iPhone.Build.0 = Release|iPhone
		{7EFF9F83-9DD5-4DA2-90FE-E56459989D30}.Release|iPhoneSimulator.ActiveCfg = Release|iPhoneSimulator
		{7EFF9F83-9DD5-4DA2-90FE-E56459989D30}.Release|iPhoneSimulator.Build.0 = Release|iPhoneSimulator
		{7EFF9F83-9DD5-4DA2-90FE-E56459989D30}.Debug|iPhone.ActiveCfg = Debug|iPhone
		{7EFF9F83-9DD5-4DA2-90FE-E56459989D30}.Debug|iPhone.Build.0 = Debug|iPhone
	EndGlobalSection
EndGlobal
